{
  "name": "gatsby-remark-images-medium-zoom",
  "version": "1.6.0",
  "lockfileVersion": 1,
  "requires": true,
  "dependencies": {
    "@fastly/performance-observer-polyfill": {
      "version": "1.1.1",
      "resolved": "https://registry.npmjs.org/@fastly/performance-observer-polyfill/-/performance-observer-polyfill-1.1.1.tgz",
      "integrity": "sha512-hmXJBYhIs77KPyg/IcPM5sDeQSPLrTzD6DqGfSUUtvEUoQxbW6nxHYCYJE8CP+Ay+OUqLZlTpW+w1OEOZWckzQ=="
    },
    "medium-zoom": {
      "version": "1.0.4",
      "resolved": "https://registry.npmjs.org/medium-zoom/-/medium-zoom-1.0.4.tgz",
      "integrity": "sha512-BjE+00gQku3XQfgHDcqyYwQaBtFddzh6Lnj1RZOliqJ9HS0mh/P2IaqVJ25/j9EbnjAUf27mLeLZBRxnd00bfA=="
    }
  }
}
